
Microsoft Visual Studio Solution File, Format Version 12.00
# Visual Studio Version 16
VisualStudioVersion = 16.0.30523.141
MinimumVisualStudioVersion = 10.0.40219.1
Project("{8BC9CEB8-8B4A-11D0-8D11-00A0C91BC942}") = "MissingNumber", "MissingNumber\MissingNumber.vcxproj", "{60729C8D-2B5E-41B8-8575-A4F46377E4E2}"
EndProject
Project("{8BC9CEB8-8B4A-11D0-8D11-00A0C91BC942}") = "WeirdAlgo", "WeirdAlgo\WeirdAlgo.vcxproj", "{447D7625-EF96-441B-8B96-0BD632E48B87}"
EndProject
Project("{8BC9CEB8-8B4A-11D0-8D11-00A0C91BC942}") = "Repetitions", "Repetitions\Repetitions.vcxproj", "{74BE157C-039E-494A-A435-9F5992EB6B37}"
EndProject
Project("{8BC9CEB8-8B4A-11D0-8D11-00A0C91BC942}") = "TrailingZeroes", "TrailingZeroes\TrailingZeroes.vcxproj", "{7E0829B3-18F4-4CA1-9D12-283A07811AB5}"
EndProject
Project("{8BC9CEB8-8B4A-11D0-8D11-00A0C91BC942}") = "IncreasingArray", "IncreasingArray\IncreasingArray.vcxproj", "{31D0154D-09A8-4367-87E8-80B656243539}"
EndProject
Project("{8BC9CEB8-8B4A-11D0-8D11-00A0C91BC942}") = "MeetInTheMiddle", "MeetInTheMiddle\MeetInTheMiddle.vcxproj", "{E17C053B-9081-40DE-8EEE-E91EACD5FB43}"
EndProject
Project("{8BC9CEB8-8B4A-11D0-8D11-00A0C91BC942}") = "CoinPile", "CoinPile\CoinPile.vcxproj", "{7D61BE24-E38E-4321-9287-CE8CCBC26AA9}"
EndProject
Project("{8BC9CEB8-8B4A-11D0-8D11-00A0C91BC942}") = "CoinCombinationI", "CoinCombinationI\CoinCombinationI.vcxproj", "{7F3A1BD5-9D84-40EB-BD5C-1A23E2EE151B}"
EndProject
Project("{8BC9CEB8-8B4A-11D0-8D11-00A0C91BC942}") = "IncreasingSubsequence", "IncreasingSubsequence\IncreasingSubsequence.vcxproj", "{36BE1DA8-FE39-4F32-A921-4E378FF39208}"
EndProject
Project("{8BC9CEB8-8B4A-11D0-8D11-00A0C91BC942}") = "Towers", "Towers\Towers.vcxproj", "{DA318D73-7E2E-4C68-A6A7-F8ACE8E8C09A}"
EndProject
Project("{8BC9CEB8-8B4A-11D0-8D11-00A0C91BC942}") = "SumOfThreeValue", "SumOfThreeValue\SumOfThreeValue.vcxproj", "{67E7264B-C135-4A7B-A55F-C95F055F64C6}"
EndProject
Project("{8BC9CEB8-8B4A-11D0-8D11-00A0C91BC942}") = "RangeMinimumQueries2", "RangeMinimumQueries2\RangeMinimumQueries2.vcxproj", "{87B1342F-AEB2-4899-9D66-BC797C1E45F4}"
EndProject
Project("{8BC9CEB8-8B4A-11D0-8D11-00A0C91BC942}") = "ZPascal", "ZPascal\ZPascal.vcxproj", "{5989D1C7-F2E1-4571-8C01-02A6E0F85477}"
EndProject
Project("{8BC9CEB8-8B4A-11D0-8D11-00A0C91BC942}") = "WeightOfWords", "WeightOfWords\WeightOfWords.vcxproj", "{745C36AD-A2BB-46FA-8806-0504740080DC}"
EndProject
Project("{8BC9CEB8-8B4A-11D0-8D11-00A0C91BC942}") = "HowManyDigits", "HowManyDigits\HowManyDigits.vcxproj", "{6B132E56-D90F-4BA3-BC63-D1C34B81626C}"
EndProject
Project("{8BC9CEB8-8B4A-11D0-8D11-00A0C91BC942}") = "NumberSpiral", "NumberSpiral\NumberSpiral.vcxproj", "{DBE23DD3-D449-4709-A6A9-414EFA6CA1E8}"
EndProject
Project("{8BC9CEB8-8B4A-11D0-8D11-00A0C91BC942}") = "Permutations", "Permutation\Permutation.vcxproj", "{9CE8BC5B-0317-456A-85C3-85D413540113}"
EndProject
Project("{8BC9CEB8-8B4A-11D0-8D11-00A0C91BC942}") = "TwoSets", "TwoSets\TwoSets.vcxproj", "{5926E331-866D-4CDB-80A9-79402CDB2D8F}"
EndProject
Project("{8BC9CEB8-8B4A-11D0-8D11-00A0C91BC942}") = "BitStrings", "BitStrings\BitStrings.vcxproj", "{418AEB9C-4729-4948-A3D9-A966F857B3AA}"
EndProject
Project("{8BC9CEB8-8B4A-11D0-8D11-00A0C91BC942}") = "DistinctNumbers", "DistinctNumbers\DistinctNumbers.vcxproj", "{9012C8E3-7DB5-4182-8CF8-901BF258581D}"
EndProject
Project("{2150E333-8FDC-42A3-9474-1A3956D46DE8}") = "IntroductoryProblems", "IntroductoryProblems", "{6B604C19-E255-4ED4-B441-66202B3E73C2}"
EndProject
Project("{2150E333-8FDC-42A3-9474-1A3956D46DE8}") = "Sorting and Searching", "Sorting and Searching", "{BFBABE2E-85B4-4933-B2A2-A39E24D9D3AB}"
EndProject
Project("{2150E333-8FDC-42A3-9474-1A3956D46DE8}") = "Others", "Others", "{400E855F-99EE-47B7-ADE2-7604442ED494}"
EndProject
Global
	GlobalSection(SolutionConfigurationPlatforms) = preSolution
		Debug|x64 = Debug|x64
		Debug|x86 = Debug|x86
		Release|x64 = Release|x64
		Release|x86 = Release|x86
	EndGlobalSection
	GlobalSection(ProjectConfigurationPlatforms) = postSolution
		{60729C8D-2B5E-41B8-8575-A4F46377E4E2}.Debug|x64.ActiveCfg = Debug|x64
		{60729C8D-2B5E-41B8-8575-A4F46377E4E2}.Debug|x64.Build.0 = Debug|x64
		{60729C8D-2B5E-41B8-8575-A4F46377E4E2}.Debug|x86.ActiveCfg = Debug|Win32
		{60729C8D-2B5E-41B8-8575-A4F46377E4E2}.Debug|x86.Build.0 = Debug|Win32
		{60729C8D-2B5E-41B8-8575-A4F46377E4E2}.Release|x64.ActiveCfg = Release|x64
		{60729C8D-2B5E-41B8-8575-A4F46377E4E2}.Release|x64.Build.0 = Release|x64
		{60729C8D-2B5E-41B8-8575-A4F46377E4E2}.Release|x86.ActiveCfg = Release|Win32
		{60729C8D-2B5E-41B8-8575-A4F46377E4E2}.Release|x86.Build.0 = Release|Win32
		{447D7625-EF96-441B-8B96-0BD632E48B87}.Debug|x64.ActiveCfg = Debug|x64
		{447D7625-EF96-441B-8B96-0BD632E48B87}.Debug|x64.Build.0 = Debug|x64
		{447D7625-EF96-441B-8B96-0BD632E48B87}.Debug|x86.ActiveCfg = Debug|Win32
		{447D7625-EF96-441B-8B96-0BD632E48B87}.Debug|x86.Build.0 = Debug|Win32
		{447D7625-EF96-441B-8B96-0BD632E48B87}.Release|x64.ActiveCfg = Release|x64
		{447D7625-EF96-441B-8B96-0BD632E48B87}.Release|x64.Build.0 = Release|x64
		{447D7625-EF96-441B-8B96-0BD632E48B87}.Release|x86.ActiveCfg = Release|Win32
		{447D7625-EF96-441B-8B96-0BD632E48B87}.Release|x86.Build.0 = Release|Win32
		{74BE157C-039E-494A-A435-9F5992EB6B37}.Debug|x64.ActiveCfg = Debug|x64
		{74BE157C-039E-494A-A435-9F5992EB6B37}.Debug|x64.Build.0 = Debug|x64
		{74BE157C-039E-494A-A435-9F5992EB6B37}.Debug|x86.ActiveCfg = Debug|Win32
		{74BE157C-039E-494A-A435-9F5992EB6B37}.Debug|x86.Build.0 = Debug|Win32
		{74BE157C-039E-494A-A435-9F5992EB6B37}.Release|x64.ActiveCfg = Release|x64
		{74BE157C-039E-494A-A435-9F5992EB6B37}.Release|x64.Build.0 = Release|x64
		{74BE157C-039E-494A-A435-9F5992EB6B37}.Release|x86.ActiveCfg = Release|Win32
		{74BE157C-039E-494A-A435-9F5992EB6B37}.Release|x86.Build.0 = Release|Win32
		{7E0829B3-18F4-4CA1-9D12-283A07811AB5}.Debug|x64.ActiveCfg = Debug|x64
		{7E0829B3-18F4-4CA1-9D12-283A07811AB5}.Debug|x64.Build.0 = Debug|x64
		{7E0829B3-18F4-4CA1-9D12-283A07811AB5}.Debug|x86.ActiveCfg = Debug|Win32
		{7E0829B3-18F4-4CA1-9D12-283A07811AB5}.Debug|x86.Build.0 = Debug|Win32
		{7E0829B3-18F4-4CA1-9D12-283A07811AB5}.Release|x64.ActiveCfg = Release|x64
		{7E0829B3-18F4-4CA1-9D12-283A07811AB5}.Release|x64.Build.0 = Release|x64
		{7E0829B3-18F4-4CA1-9D12-283A07811AB5}.Release|x86.ActiveCfg = Release|Win32
		{7E0829B3-18F4-4CA1-9D12-283A07811AB5}.Release|x86.Build.0 = Release|Win32
		{31D0154D-09A8-4367-87E8-80B656243539}.Debug|x64.ActiveCfg = Debug|x64
		{31D0154D-09A8-4367-87E8-80B656243539}.Debug|x64.Build.0 = Debug|x64
		{31D0154D-09A8-4367-87E8-80B656243539}.Debug|x86.ActiveCfg = Debug|Win32
		{31D0154D-09A8-4367-87E8-80B656243539}.Debug|x86.Build.0 = Debug|Win32
		{31D0154D-09A8-4367-87E8-80B656243539}.Release|x64.ActiveCfg = Release|x64
		{31D0154D-09A8-4367-87E8-80B656243539}.Release|x64.Build.0 = Release|x64
		{31D0154D-09A8-4367-87E8-80B656243539}.Release|x86.ActiveCfg = Release|Win32
		{31D0154D-09A8-4367-87E8-80B656243539}.Release|x86.Build.0 = Release|Win32
		{E17C053B-9081-40DE-8EEE-E91EACD5FB43}.Debug|x64.ActiveCfg = Debug|x64
		{E17C053B-9081-40DE-8EEE-E91EACD5FB43}.Debug|x64.Build.0 = Debug|x64
		{E17C053B-9081-40DE-8EEE-E91EACD5FB43}.Debug|x86.ActiveCfg = Debug|Win32
		{E17C053B-9081-40DE-8EEE-E91EACD5FB43}.Debug|x86.Build.0 = Debug|Win32
		{E17C053B-9081-40DE-8EEE-E91EACD5FB43}.Release|x64.ActiveCfg = Release|x64
		{E17C053B-9081-40DE-8EEE-E91EACD5FB43}.Release|x64.Build.0 = Release|x64
		{E17C053B-9081-40DE-8EEE-E91EACD5FB43}.Release|x86.ActiveCfg = Release|Win32
		{E17C053B-9081-40DE-8EEE-E91EACD5FB43}.Release|x86.Build.0 = Release|Win32
		{7D61BE24-E38E-4321-9287-CE8CCBC26AA9}.Debug|x64.ActiveCfg = Debug|x64
		{7D61BE24-E38E-4321-9287-CE8CCBC26AA9}.Debug|x64.Build.0 = Debug|x64
		{7D61BE24-E38E-4321-9287-CE8CCBC26AA9}.Debug|x86.ActiveCfg = Debug|Win32
		{7D61BE24-E38E-4321-9287-CE8CCBC26AA9}.Debug|x86.Build.0 = Debug|Win32
		{7D61BE24-E38E-4321-9287-CE8CCBC26AA9}.Release|x64.ActiveCfg = Release|x64
		{7D61BE24-E38E-4321-9287-CE8CCBC26AA9}.Release|x64.Build.0 = Release|x64
		{7D61BE24-E38E-4321-9287-CE8CCBC26AA9}.Release|x86.ActiveCfg = Release|Win32
		{7D61BE24-E38E-4321-9287-CE8CCBC26AA9}.Release|x86.Build.0 = Release|Win32
		{7F3A1BD5-9D84-40EB-BD5C-1A23E2EE151B}.Debug|x64.ActiveCfg = Debug|x64
		{7F3A1BD5-9D84-40EB-BD5C-1A23E2EE151B}.Debug|x64.Build.0 = Debug|x64
		{7F3A1BD5-9D84-40EB-BD5C-1A23E2EE151B}.Debug|x86.ActiveCfg = Debug|Win32
		{7F3A1BD5-9D84-40EB-BD5C-1A23E2EE151B}.Debug|x86.Build.0 = Debug|Win32
		{7F3A1BD5-9D84-40EB-BD5C-1A23E2EE151B}.Release|x64.ActiveCfg = Release|x64
		{7F3A1BD5-9D84-40EB-BD5C-1A23E2EE151B}.Release|x64.Build.0 = Release|x64
		{7F3A1BD5-9D84-40EB-BD5C-1A23E2EE151B}.Release|x86.ActiveCfg = Release|Win32
		{7F3A1BD5-9D84-40EB-BD5C-1A23E2EE151B}.Release|x86.Build.0 = Release|Win32
		{36BE1DA8-FE39-4F32-A921-4E378FF39208}.Debug|x64.ActiveCfg = Debug|x64
		{36BE1DA8-FE39-4F32-A921-4E378FF39208}.Debug|x64.Build.0 = Debug|x64
		{36BE1DA8-FE39-4F32-A921-4E378FF39208}.Debug|x86.ActiveCfg = Debug|Win32
		{36BE1DA8-FE39-4F32-A921-4E378FF39208}.Debug|x86.Build.0 = Debug|Win32
		{36BE1DA8-FE39-4F32-A921-4E378FF39208}.Release|x64.ActiveCfg = Release|x64
		{36BE1DA8-FE39-4F32-A921-4E378FF39208}.Release|x64.Build.0 = Release|x64
		{36BE1DA8-FE39-4F32-A921-4E378FF39208}.Release|x86.ActiveCfg = Release|Win32
		{36BE1DA8-FE39-4F32-A921-4E378FF39208}.Release|x86.Build.0 = Release|Win32
		{DA318D73-7E2E-4C68-A6A7-F8ACE8E8C09A}.Debug|x64.ActiveCfg = Debug|x64
		{DA318D73-7E2E-4C68-A6A7-F8ACE8E8C09A}.Debug|x64.Build.0 = Debug|x64
		{DA318D73-7E2E-4C68-A6A7-F8ACE8E8C09A}.Debug|x86.ActiveCfg = Debug|Win32
		{DA318D73-7E2E-4C68-A6A7-F8ACE8E8C09A}.Debug|x86.Build.0 = Debug|Win32
		{DA318D73-7E2E-4C68-A6A7-F8ACE8E8C09A}.Release|x64.ActiveCfg = Release|x64
		{DA318D73-7E2E-4C68-A6A7-F8ACE8E8C09A}.Release|x64.Build.0 = Release|x64
		{DA318D73-7E2E-4C68-A6A7-F8ACE8E8C09A}.Release|x86.ActiveCfg = Release|Win32
		{DA318D73-7E2E-4C68-A6A7-F8ACE8E8C09A}.Release|x86.Build.0 = Release|Win32
		{67E7264B-C135-4A7B-A55F-C95F055F64C6}.Debug|x64.ActiveCfg = Debug|x64
		{67E7264B-C135-4A7B-A55F-C95F055F64C6}.Debug|x64.Build.0 = Debug|x64
		{67E7264B-C135-4A7B-A55F-C95F055F64C6}.Debug|x86.ActiveCfg = Debug|Win32
		{67E7264B-C135-4A7B-A55F-C95F055F64C6}.Debug|x86.Build.0 = Debug|Win32
		{67E7264B-C135-4A7B-A55F-C95F055F64C6}.Release|x64.ActiveCfg = Release|x64
		{67E7264B-C135-4A7B-A55F-C95F055F64C6}.Release|x64.Build.0 = Release|x64
		{67E7264B-C135-4A7B-A55F-C95F055F64C6}.Release|x86.ActiveCfg = Release|Win32
		{67E7264B-C135-4A7B-A55F-C95F055F64C6}.Release|x86.Build.0 = Release|Win32
		{87B1342F-AEB2-4899-9D66-BC797C1E45F4}.Debug|x64.ActiveCfg = Debug|x64
		{87B1342F-AEB2-4899-9D66-BC797C1E45F4}.Debug|x64.Build.0 = Debug|x64
		{87B1342F-AEB2-4899-9D66-BC797C1E45F4}.Debug|x86.ActiveCfg = Debug|Win32
		{87B1342F-AEB2-4899-9D66-BC797C1E45F4}.Debug|x86.Build.0 = Debug|Win32
		{87B1342F-AEB2-4899-9D66-BC797C1E45F4}.Release|x64.ActiveCfg = Release|x64
		{87B1342F-AEB2-4899-9D66-BC797C1E45F4}.Release|x64.Build.0 = Release|x64
		{87B1342F-AEB2-4899-9D66-BC797C1E45F4}.Release|x86.ActiveCfg = Release|Win32
		{87B1342F-AEB2-4899-9D66-BC797C1E45F4}.Release|x86.Build.0 = Release|Win32
		{5989D1C7-F2E1-4571-8C01-02A6E0F85477}.Debug|x64.ActiveCfg = Debug|x64
		{5989D1C7-F2E1-4571-8C01-02A6E0F85477}.Debug|x64.Build.0 = Debug|x64
		{5989D1C7-F2E1-4571-8C01-02A6E0F85477}.Debug|x86.ActiveCfg = Debug|Win32
		{5989D1C7-F2E1-4571-8C01-02A6E0F85477}.Debug|x86.Build.0 = Debug|Win32
		{5989D1C7-F2E1-4571-8C01-02A6E0F85477}.Release|x64.ActiveCfg = Release|x64
		{5989D1C7-F2E1-4571-8C01-02A6E0F85477}.Release|x64.Build.0 = Release|x64
		{5989D1C7-F2E1-4571-8C01-02A6E0F85477}.Release|x86.ActiveCfg = Release|Win32
		{5989D1C7-F2E1-4571-8C01-02A6E0F85477}.Release|x86.Build.0 = Release|Win32
		{745C36AD-A2BB-46FA-8806-0504740080DC}.Debug|x64.ActiveCfg = Debug|x64
		{745C36AD-A2BB-46FA-8806-0504740080DC}.Debug|x64.Build.0 = Debug|x64
		{745C36AD-A2BB-46FA-8806-0504740080DC}.Debug|x86.ActiveCfg = Debug|Win32
		{745C36AD-A2BB-46FA-8806-0504740080DC}.Debug|x86.Build.0 = Debug|Win32
		{745C36AD-A2BB-46FA-8806-0504740080DC}.Release|x64.ActiveCfg = Release|x64
		{745C36AD-A2BB-46FA-8806-0504740080DC}.Release|x64.Build.0 = Release|x64
		{745C36AD-A2BB-46FA-8806-0504740080DC}.Release|x86.ActiveCfg = Release|Win32
		{745C36AD-A2BB-46FA-8806-0504740080DC}.Release|x86.Build.0 = Release|Win32
		{6B132E56-D90F-4BA3-BC63-D1C34B81626C}.Debug|x64.ActiveCfg = Debug|x64
		{6B132E56-D90F-4BA3-BC63-D1C34B81626C}.Debug|x64.Build.0 = Debug|x64
		{6B132E56-D90F-4BA3-BC63-D1C34B81626C}.Debug|x86.ActiveCfg = Debug|Win32
		{6B132E56-D90F-4BA3-BC63-D1C34B81626C}.Debug|x86.Build.0 = Debug|Win32
		{6B132E56-D90F-4BA3-BC63-D1C34B81626C}.Release|x64.ActiveCfg = Release|x64
		{6B132E56-D90F-4BA3-BC63-D1C34B81626C}.Release|x64.Build.0 = Release|x64
		{6B132E56-D90F-4BA3-BC63-D1C34B81626C}.Release|x86.ActiveCfg = Release|Win32
		{6B132E56-D90F-4BA3-BC63-D1C34B81626C}.Release|x86.Build.0 = Release|Win32
		{DBE23DD3-D449-4709-A6A9-414EFA6CA1E8}.Debug|x64.ActiveCfg = Debug|x64
		{DBE23DD3-D449-4709-A6A9-414EFA6CA1E8}.Debug|x64.Build.0 = Debug|x64
		{DBE23DD3-D449-4709-A6A9-414EFA6CA1E8}.Debug|x86.ActiveCfg = Debug|Win32
		{DBE23DD3-D449-4709-A6A9-414EFA6CA1E8}.Debug|x86.Build.0 = Debug|Win32
		{DBE23DD3-D449-4709-A6A9-414EFA6CA1E8}.Release|x64.ActiveCfg = Release|x64
		{DBE23DD3-D449-4709-A6A9-414EFA6CA1E8}.Release|x64.Build.0 = Release|x64
		{DBE23DD3-D449-4709-A6A9-414EFA6CA1E8}.Release|x86.ActiveCfg = Release|Win32
		{DBE23DD3-D449-4709-A6A9-414EFA6CA1E8}.Release|x86.Build.0 = Release|Win32
		{9CE8BC5B-0317-456A-85C3-85D413540113}.Debug|x64.ActiveCfg = Debug|x64
		{9CE8BC5B-0317-456A-85C3-85D413540113}.Debug|x64.Build.0 = Debug|x64
		{9CE8BC5B-0317-456A-85C3-85D413540113}.Debug|x86.ActiveCfg = Debug|Win32
		{9CE8BC5B-0317-456A-85C3-85D413540113}.Debug|x86.Build.0 = Debug|Win32
		{9CE8BC5B-0317-456A-85C3-85D413540113}.Release|x64.ActiveCfg = Release|x64
		{9CE8BC5B-0317-456A-85C3-85D413540113}.Release|x64.Build.0 = Release|x64
		{9CE8BC5B-0317-456A-85C3-85D413540113}.Release|x86.ActiveCfg = Release|Win32
		{9CE8BC5B-0317-456A-85C3-85D413540113}.Release|x86.Build.0 = Release|Win32
		{5926E331-866D-4CDB-80A9-79402CDB2D8F}.Debug|x64.ActiveCfg = Debug|x64
		{5926E331-866D-4CDB-80A9-79402CDB2D8F}.Debug|x64.Build.0 = Debug|x64
		{5926E331-866D-4CDB-80A9-79402CDB2D8F}.Debug|x86.ActiveCfg = Debug|Win32
		{5926E331-866D-4CDB-80A9-79402CDB2D8F}.Debug|x86.Build.0 = Debug|Win32
		{5926E331-866D-4CDB-80A9-79402CDB2D8F}.Release|x64.ActiveCfg = Release|x64
		{5926E331-866D-4CDB-80A9-79402CDB2D8F}.Release|x64.Build.0 = Release|x64
		{5926E331-866D-4CDB-80A9-79402CDB2D8F}.Release|x86.ActiveCfg = Release|Win32
		{5926E331-866D-4CDB-80A9-79402CDB2D8F}.Release|x86.Build.0 = Release|Win32
		{418AEB9C-4729-4948-A3D9-A966F857B3AA}.Debug|x64.ActiveCfg = Debug|x64
		{418AEB9C-4729-4948-A3D9-A966F857B3AA}.Debug|x64.Build.0 = Debug|x64
		{418AEB9C-4729-4948-A3D9-A966F857B3AA}.Debug|x86.ActiveCfg = Debug|Win32
		{418AEB9C-4729-4948-A3D9-A966F857B3AA}.Debug|x86.Build.0 = Debug|Win32
		{418AEB9C-4729-4948-A3D9-A966F857B3AA}.Release|x64.ActiveCfg = Release|x64
		{418AEB9C-4729-4948-A3D9-A966F857B3AA}.Release|x64.Build.0 = Release|x64
		{418AEB9C-4729-4948-A3D9-A966F857B3AA}.Release|x86.ActiveCfg = Release|Win32
		{418AEB9C-4729-4948-A3D9-A966F857B3AA}.Release|x86.Build.0 = Release|Win32
		{9012C8E3-7DB5-4182-8CF8-901BF258581D}.Debug|x64.ActiveCfg = Debug|x64
		{9012C8E3-7DB5-4182-8CF8-901BF258581D}.Debug|x64.Build.0 = Debug|x64
		{9012C8E3-7DB5-4182-8CF8-901BF258581D}.Debug|x86.ActiveCfg = Debug|Win32
		{9012C8E3-7DB5-4182-8CF8-901BF258581D}.Debug|x86.Build.0 = Debug|Win32
		{9012C8E3-7DB5-4182-8CF8-901BF258581D}.Release|x64.ActiveCfg = Release|x64
		{9012C8E3-7DB5-4182-8CF8-901BF258581D}.Release|x64.Build.0 = Release|x64
		{9012C8E3-7DB5-4182-8CF8-901BF258581D}.Release|x86.ActiveCfg = Release|Win32
		{9012C8E3-7DB5-4182-8CF8-901BF258581D}.Release|x86.Build.0 = Release|Win32
	EndGlobalSection
	GlobalSection(SolutionProperties) = preSolution
		HideSolutionNode = FALSE
	EndGlobalSection
	GlobalSection(NestedProjects) = preSolution
		{60729C8D-2B5E-41B8-8575-A4F46377E4E2} = {6B604C19-E255-4ED4-B441-66202B3E73C2}
		{447D7625-EF96-441B-8B96-0BD632E48B87} = {6B604C19-E255-4ED4-B441-66202B3E73C2}
		{74BE157C-039E-494A-A435-9F5992EB6B37} = {6B604C19-E255-4ED4-B441-66202B3E73C2}
		{7E0829B3-18F4-4CA1-9D12-283A07811AB5} = {6B604C19-E255-4ED4-B441-66202B3E73C2}
		{31D0154D-09A8-4367-87E8-80B656243539} = {6B604C19-E255-4ED4-B441-66202B3E73C2}
		{7D61BE24-E38E-4321-9287-CE8CCBC26AA9} = {6B604C19-E255-4ED4-B441-66202B3E73C2}
		{DA318D73-7E2E-4C68-A6A7-F8ACE8E8C09A} = {BFBABE2E-85B4-4933-B2A2-A39E24D9D3AB}
		{67E7264B-C135-4A7B-A55F-C95F055F64C6} = {BFBABE2E-85B4-4933-B2A2-A39E24D9D3AB}
		{5989D1C7-F2E1-4571-8C01-02A6E0F85477} = {400E855F-99EE-47B7-ADE2-7604442ED494}
		{745C36AD-A2BB-46FA-8806-0504740080DC} = {400E855F-99EE-47B7-ADE2-7604442ED494}
		{6B132E56-D90F-4BA3-BC63-D1C34B81626C} = {400E855F-99EE-47B7-ADE2-7604442ED494}
		{DBE23DD3-D449-4709-A6A9-414EFA6CA1E8} = {6B604C19-E255-4ED4-B441-66202B3E73C2}
		{9CE8BC5B-0317-456A-85C3-85D413540113} = {6B604C19-E255-4ED4-B441-66202B3E73C2}
		{5926E331-866D-4CDB-80A9-79402CDB2D8F} = {6B604C19-E255-4ED4-B441-66202B3E73C2}
		{418AEB9C-4729-4948-A3D9-A966F857B3AA} = {6B604C19-E255-4ED4-B441-66202B3E73C2}
		{9012C8E3-7DB5-4182-8CF8-901BF258581D} = {BFBABE2E-85B4-4933-B2A2-A39E24D9D3AB}
	EndGlobalSection
	GlobalSection(ExtensibilityGlobals) = postSolution
		SolutionGuid = {5D66BB49-CBCB-4BBA-9DC3-445ADAC31978}
	EndGlobalSection
EndGlobal
